{
  "name": "modeljars-catalog-tools",
  "lockfileVersion": 3,
  "requires": true,
  "packages": {
    "": {
      "name": "modeljars-catalog-tools",
      "devDependencies": {
        "@huggingface/jinja": "0.5.10"
      }
    },
    "node_modules/@huggingface/jinja": {
      "version": "0.5.10",
      "resolved": "https://registry.npmjs.org/@huggingface/jinja/-/jinja-0.5.10.tgz",
      "integrity": "sha512-SgS1D1bglQ94ceD4ZCL6eayUDy9uV1xuyk61OjgSxU5GJh7upqZCKII0JoTYMc6wWsg3JUgaPRX0ElQzXPk3Cw==",
      "dev": true,
      "license": "MIT",
      "engines": {
        "node": ">=18"
      }
    }
  }
}
